
Microsoft Visual Studio Solution File, Format Version 12.00
# Visual Studio Version 16
VisualStudioVersion = 25.0.1700.4
MinimumVisualStudioVersion = 10.0.40219.1
Project("{FAE04EC0-301F-11D3-BF4B-00C04F79EFBC}") = "shapesTest", "shapesTest\shapesTest.csproj", "{F8208B82-A1CF-4F94-A6CD-ADE45B3EF2B9}"
EndProject
Project("{2150E333-8FDC-42A3-9474-1A3956D46DE8}") = "Solution Items", "Solution Items", "{DB528D67-C093-4339-A2BC-80533114B334}"
	ProjectSection(SolutionItems) = preProject
		.editorconfig = .editorconfig
	EndProjectSection
EndProject
Global
	GlobalSection(SolutionConfigurationPlatforms) = preSolution
		Debug|Any CPU = Debug|Any CPU
		Release|Any CPU = Release|Any CPU
	EndGlobalSection
	GlobalSection(ProjectConfigurationPlatforms) = postSolution
		{F8208B82-A1CF-4F94-A6CD-ADE45B3EF2B9}.Debug|Any CPU.ActiveCfg = Debug|Any CPU
		{F8208B82-A1CF-4F94-A6CD-ADE45B3EF2B9}.Debug|Any CPU.Build.0 = Debug|Any CPU
		{F8208B82-A1CF-4F94-A6CD-ADE45B3EF2B9}.Release|Any CPU.ActiveCfg = Release|Any CPU
		{F8208B82-A1CF-4F94-A6CD-ADE45B3EF2B9}.Release|Any CPU.Build.0 = Release|Any CPU
	EndGlobalSection
	GlobalSection(SolutionProperties) = preSolution
		HideSolutionNode = FALSE
	EndGlobalSection
	GlobalSection(ExtensibilityGlobals) = postSolution
		SolutionGuid = {770B4DA0-0FD5-45CF-8657-4AD883535ED9}
	EndGlobalSection
EndGlobal
